
Microsoft Visual Studio Solution File, Format Version 12.00
# Visual Studio Version 16
VisualStudioVersion = 16.0.29609.76
MinimumVisualStudioVersion = 10.0.40219.1
Project("{FAE04EC0-301F-11D3-BF4B-00C04F79EFBC}") = "SP_Laba_8", "SP_Laba_8\SP_Laba_8.csproj", "{CED2EBAD-6C21-460E-8251-1CB64D1425AB}"
EndProject
Global
	GlobalSection(SolutionConfigurationPlatforms) = preSolution
		Debug|ARM = Debug|ARM
		Debug|ARM64 = Debug|ARM64
		Debug|x64 = Debug|x64
		Debug|x86 = Debug|x86
		Release|ARM = Release|ARM
		Release|ARM64 = Release|ARM64
		Release|x64 = Release|x64
		Release|x86 = Release|x86
	EndGlobalSection
	GlobalSection(ProjectConfigurationPlatforms) = postSolution
		{CED2EBAD-6C21-460E-8251-1CB64D1425AB}.Debug|ARM.ActiveCfg = Debug|ARM
		{CED2EBAD-6C21-460E-8251-1CB64D1425AB}.Debug|ARM.Build.0 = Debug|ARM
		{CED2EBAD-6C21-460E-8251-1CB64D1425AB}.Debug|ARM.Deploy.0 = Debug|ARM
		{CED2EBAD-6C21-460E-8251-1CB64D1425AB}.Debug|ARM64.ActiveCfg = Debug|ARM64
		{CED2EBAD-6C21-460E-8251-1CB64D1425AB}.Debug|ARM64.Build.0 = Debug|ARM64
		{CED2EBAD-6C21-460E-8251-1CB64D1425AB}.Debug|ARM64.Deploy.0 = Debug|ARM64
		{CED2EBAD-6C21-460E-8251-1CB64D1425AB}.Debug|x64.ActiveCfg = Debug|x64
		{CED2EBAD-6C21-460E-8251-1CB64D1425AB}.Debug|x64.Build.0 = Debug|x64
		{CED2EBAD-6C21-460E-8251-1CB64D1425AB}.Debug|x64.Deploy.0 = Debug|x64
		{CED2EBAD-6C21-460E-8251-1CB64D1425AB}.Debug|x86.ActiveCfg = Debug|x86
		{CED2EBAD-6C21-460E-8251-1CB64D1425AB}.Debug|x86.Build.0 = Debug|x86
		{CED2EBAD-6C21-460E-8251-1CB64D1425AB}.Debug|x86.Deploy.0 = Debug|x86
		{CED2EBAD-6C21-460E-8251-1CB64D1425AB}.Release|ARM.ActiveCfg = Release|ARM
		{CED2EBAD-6C21-460E-8251-1CB64D1425AB}.Release|ARM.Build.0 = Release|ARM
		{CED2EBAD-6C21-460E-8251-1CB64D1425AB}.Release|ARM.Deploy.0 = Release|ARM
		{CED2EBAD-6C21-460E-8251-1CB64D1425AB}.Release|ARM64.ActiveCfg = Release|ARM64
		{CED2EBAD-6C21-460E-8251-1CB64D1425AB}.Release|ARM64.Build.0 = Release|ARM64
		{CED2EBAD-6C21-460E-8251-1CB64D1425AB}.Release|ARM64.Deploy.0 = Release|ARM64
		{CED2EBAD-6C21-460E-8251-1CB64D1425AB}.Release|x64.ActiveCfg = Release|x64
		{CED2EBAD-6C21-460E-8251-1CB64D1425AB}.Release|x64.Build.0 = Release|x64
		{CED2EBAD-6C21-460E-8251-1CB64D1425AB}.Release|x64.Deploy.0 = Release|x64
		{CED2EBAD-6C21-460E-8251-1CB64D1425AB}.Release|x86.ActiveCfg = Release|x86
		{CED2EBAD-6C21-460E-8251-1CB64D1425AB}.Release|x86.Build.0 = Release|x86
		{CED2EBAD-6C21-460E-8251-1CB64D1425AB}.Release|x86.Deploy.0 = Release|x86
	EndGlobalSection
	GlobalSection(SolutionProperties) = preSolution
		HideSolutionNode = FALSE
	EndGlobalSection
	GlobalSection(ExtensibilityGlobals) = postSolution
		SolutionGuid = {B0FB0C6D-D9D4-4DFC-8EF3-F89E2FFAEA1F}
	EndGlobalSection
EndGlobal
